
Microsoft Visual Studio Solution File, Format Version 11.00
# Visual C# Express 2010
Project("{FAE04EC0-301F-11D3-BF4B-00C04F79EFBC}") = "PitchFXConsole", "PitchFXConsole\PitchFXConsole.csproj", "{58338746-B4D9-4850-81F4-345E0250DF4F}"
EndProject
Project("{FAE04EC0-301F-11D3-BF4B-00C04F79EFBC}") = "PitchFX.DAL", "PitchFX.DAL\PitchFX.DAL.csproj", "{427808C4-383A-46FE-B964-DC9C39EBD126}"
EndProject
Global
	GlobalSection(SolutionConfigurationPlatforms) = preSolution
		Debug|Any CPU = Debug|Any CPU
		Debug|Mixed Platforms = Debug|Mixed Platforms
		Debug|x86 = Debug|x86
		Release|Any CPU = Release|Any CPU
		Release|Mixed Platforms = Release|Mixed Platforms
		Release|x86 = Release|x86
	EndGlobalSection
	GlobalSection(ProjectConfigurationPlatforms) = postSolution
		{58338746-B4D9-4850-81F4-345E0250DF4F}.Debug|Any CPU.ActiveCfg = Debug|x86
		{58338746-B4D9-4850-81F4-345E0250DF4F}.Debug|Mixed Platforms.ActiveCfg = Debug|x86
		{58338746-B4D9-4850-81F4-345E0250DF4F}.Debug|Mixed Platforms.Build.0 = Debug|x86
		{58338746-B4D9-4850-81F4-345E0250DF4F}.Debug|x86.ActiveCfg = Debug|x86
		{58338746-B4D9-4850-81F4-345E0250DF4F}.Debug|x86.Build.0 = Debug|x86
		{58338746-B4D9-4850-81F4-345E0250DF4F}.Release|Any CPU.ActiveCfg = Release|x86
		{58338746-B4D9-4850-81F4-345E0250DF4F}.Release|Mixed Platforms.ActiveCfg = Release|x86
		{58338746-B4D9-4850-81F4-345E0250DF4F}.Release|Mixed Platforms.Build.0 = Release|x86
		{58338746-B4D9-4850-81F4-345E0250DF4F}.Release|x86.ActiveCfg = Release|x86
		{58338746-B4D9-4850-81F4-345E0250DF4F}.Release|x86.Build.0 = Release|x86
		{427808C4-383A-46FE-B964-DC9C39EBD126}.Debug|Any CPU.ActiveCfg = Debug|Any CPU
		{427808C4-383A-46FE-B964-DC9C39EBD126}.Debug|Any CPU.Build.0 = Debug|Any CPU
		{427808C4-383A-46FE-B964-DC9C39EBD126}.Debug|Mixed Platforms.ActiveCfg = Debug|Any CPU
		{427808C4-383A-46FE-B964-DC9C39EBD126}.Debug|Mixed Platforms.Build.0 = Debug|Any CPU
		{427808C4-383A-46FE-B964-DC9C39EBD126}.Debug|x86.ActiveCfg = Debug|Any CPU
		{427808C4-383A-46FE-B964-DC9C39EBD126}.Release|Any CPU.ActiveCfg = Release|Any CPU
		{427808C4-383A-46FE-B964-DC9C39EBD126}.Release|Any CPU.Build.0 = Release|Any CPU
		{427808C4-383A-46FE-B964-DC9C39EBD126}.Release|Mixed Platforms.ActiveCfg = Release|Any CPU
		{427808C4-383A-46FE-B964-DC9C39EBD126}.Release|Mixed Platforms.Build.0 = Release|Any CPU
		{427808C4-383A-46FE-B964-DC9C39EBD126}.Release|x86.ActiveCfg = Release|Any CPU
	EndGlobalSection
	GlobalSection(SolutionProperties) = preSolution
		HideSolutionNode = FALSE
	EndGlobalSection
EndGlobal
